
Microsoft Visual Studio Solution File, Format Version 12.00
Project("{FAE04EC0-301F-11D3-BF4B-00C04F79EFBC}") = "MusicStore.Api", "MusicStore.Api\MusicStore.Api.csproj", "{AB408AF6-9FFD-4F0D-9EB9-F72BAC56FA96}"
EndProject
Project("{FAE04EC0-301F-11D3-BF4B-00C04F79EFBC}") = "MusicStore.Entities", "MusicStore.Entities\MusicStore.Entities.csproj", "{FD171124-91C4-4840-9518-7E2B67ADC62F}"
EndProject
Project("{FAE04EC0-301F-11D3-BF4B-00C04F79EFBC}") = "MusicStore.DataAccess", "MusicStore.DataAccess\MusicStore.DataAccess.csproj", "{B6AE329C-FB98-488F-A3A7-95680693A920}"
EndProject
Project("{FAE04EC0-301F-11D3-BF4B-00C04F79EFBC}") = "MusicStore.Repositories", "MusicStore.Repositories\MusicStore.Repositories.csproj", "{A87059CD-07CA-4B1C-897B-983BF3316489}"
EndProject
Project("{FAE04EC0-301F-11D3-BF4B-00C04F79EFBC}") = "MusicStore.Services", "MusicStore.Services\MusicStore.Services.csproj", "{047E290A-B54B-40D4-B735-808C7B86B1E4}"
EndProject
Project("{FAE04EC0-301F-11D3-BF4B-00C04F79EFBC}") = "MusicStore.Dto", "MusicStore.Dto\MusicStore.Dto.csproj", "{FEDF36F4-2D69-4BF3-98C8-47E257667FCC}"
EndProject
Project("{2150E333-8FDC-42A3-9474-1A3956D46DE8}") = "01.Entites", "01.Entites", "{C5595006-953C-453F-8397-B8824B270F9E}"
EndProject
Project("{2150E333-8FDC-42A3-9474-1A3956D46DE8}") = "02.Acesso a Datos", "02.Acesso a Datos", "{F0A6927D-77CB-4A38-A023-07113590342B}"
EndProject
Project("{2150E333-8FDC-42A3-9474-1A3956D46DE8}") = "03.Logica de Negocio", "03.Logica de Negocio", "{30F56642-08FE-4F47-B730-737E50C17C25}"
EndProject
Project("{2150E333-8FDC-42A3-9474-1A3956D46DE8}") = "04.API REST", "04.API REST", "{C06CC60D-53B4-49DF-A945-3FB0BBA8AA91}"
EndProject
Project("{2150E333-8FDC-42A3-9474-1A3956D46DE8}") = "06.HTML", "06.HTML", "{47308205-4F6C-4A29-B827-3D3C54CDC14F}"
EndProject
Project("{2150E333-8FDC-42A3-9474-1A3956D46DE8}") = "07.Unit Test", "07.Unit Test", "{FCE4952A-6383-4AA6-BD32-65E2D0ECA300}"
EndProject
Project("{2150E333-8FDC-42A3-9474-1A3956D46DE8}") = "05.HealthChecks", "05.HealthChecks", "{D2B9A591-3764-4762-B3D6-8663DBAFC607}"
EndProject
Project("{FAE04EC0-301F-11D3-BF4B-00C04F79EFBC}") = "MusicStore.HealthCheckApi", "MusicStore.HealthCheckApi\MusicStore.HealthCheckApi.csproj", "{CA6F45AC-DD37-4DC9-B8AF-A3DB22ACF148}"
EndProject
Global
	GlobalSection(SolutionConfigurationPlatforms) = preSolution
		Debug|Any CPU = Debug|Any CPU
		Release|Any CPU = Release|Any CPU
	EndGlobalSection
	GlobalSection(ProjectConfigurationPlatforms) = postSolution
		{AB408AF6-9FFD-4F0D-9EB9-F72BAC56FA96}.Debug|Any CPU.ActiveCfg = Debug|Any CPU
		{AB408AF6-9FFD-4F0D-9EB9-F72BAC56FA96}.Debug|Any CPU.Build.0 = Debug|Any CPU
		{AB408AF6-9FFD-4F0D-9EB9-F72BAC56FA96}.Release|Any CPU.ActiveCfg = Release|Any CPU
		{AB408AF6-9FFD-4F0D-9EB9-F72BAC56FA96}.Release|Any CPU.Build.0 = Release|Any CPU
		{FD171124-91C4-4840-9518-7E2B67ADC62F}.Debug|Any CPU.ActiveCfg = Debug|Any CPU
		{FD171124-91C4-4840-9518-7E2B67ADC62F}.Debug|Any CPU.Build.0 = Debug|Any CPU
		{FD171124-91C4-4840-9518-7E2B67ADC62F}.Release|Any CPU.ActiveCfg = Release|Any CPU
		{FD171124-91C4-4840-9518-7E2B67ADC62F}.Release|Any CPU.Build.0 = Release|Any CPU
		{B6AE329C-FB98-488F-A3A7-95680693A920}.Debug|Any CPU.ActiveCfg = Debug|Any CPU
		{B6AE329C-FB98-488F-A3A7-95680693A920}.Debug|Any CPU.Build.0 = Debug|Any CPU
		{B6AE329C-FB98-488F-A3A7-95680693A920}.Release|Any CPU.ActiveCfg = Release|Any CPU
		{B6AE329C-FB98-488F-A3A7-95680693A920}.Release|Any CPU.Build.0 = Release|Any CPU
		{A87059CD-07CA-4B1C-897B-983BF3316489}.Debug|Any CPU.ActiveCfg = Debug|Any CPU
		{A87059CD-07CA-4B1C-897B-983BF3316489}.Debug|Any CPU.Build.0 = Debug|Any CPU
		{A87059CD-07CA-4B1C-897B-983BF3316489}.Release|Any CPU.ActiveCfg = Release|Any CPU
		{A87059CD-07CA-4B1C-897B-983BF3316489}.Release|Any CPU.Build.0 = Release|Any CPU
		{047E290A-B54B-40D4-B735-808C7B86B1E4}.Debug|Any CPU.ActiveCfg = Debug|Any CPU
		{047E290A-B54B-40D4-B735-808C7B86B1E4}.Debug|Any CPU.Build.0 = Debug|Any CPU
		{047E290A-B54B-40D4-B735-808C7B86B1E4}.Release|Any CPU.ActiveCfg = Release|Any CPU
		{047E290A-B54B-40D4-B735-808C7B86B1E4}.Release|Any CPU.Build.0 = Release|Any CPU
		{FEDF36F4-2D69-4BF3-98C8-47E257667FCC}.Debug|Any CPU.ActiveCfg = Debug|Any CPU
		{FEDF36F4-2D69-4BF3-98C8-47E257667FCC}.Debug|Any CPU.Build.0 = Debug|Any CPU
		{FEDF36F4-2D69-4BF3-98C8-47E257667FCC}.Release|Any CPU.ActiveCfg = Release|Any CPU
		{FEDF36F4-2D69-4BF3-98C8-47E257667FCC}.Release|Any CPU.Build.0 = Release|Any CPU
		{CA6F45AC-DD37-4DC9-B8AF-A3DB22ACF148}.Debug|Any CPU.ActiveCfg = Debug|Any CPU
		{CA6F45AC-DD37-4DC9-B8AF-A3DB22ACF148}.Debug|Any CPU.Build.0 = Debug|Any CPU
		{CA6F45AC-DD37-4DC9-B8AF-A3DB22ACF148}.Release|Any CPU.ActiveCfg = Release|Any CPU
		{CA6F45AC-DD37-4DC9-B8AF-A3DB22ACF148}.Release|Any CPU.Build.0 = Release|Any CPU
	EndGlobalSection
	GlobalSection(NestedProjects) = preSolution
		{FD171124-91C4-4840-9518-7E2B67ADC62F} = {C5595006-953C-453F-8397-B8824B270F9E}
		{B6AE329C-FB98-488F-A3A7-95680693A920} = {F0A6927D-77CB-4A38-A023-07113590342B}
		{A87059CD-07CA-4B1C-897B-983BF3316489} = {F0A6927D-77CB-4A38-A023-07113590342B}
		{FEDF36F4-2D69-4BF3-98C8-47E257667FCC} = {30F56642-08FE-4F47-B730-737E50C17C25}
		{047E290A-B54B-40D4-B735-808C7B86B1E4} = {30F56642-08FE-4F47-B730-737E50C17C25}
		{AB408AF6-9FFD-4F0D-9EB9-F72BAC56FA96} = {C06CC60D-53B4-49DF-A945-3FB0BBA8AA91}
		{CA6F45AC-DD37-4DC9-B8AF-A3DB22ACF148} = {D2B9A591-3764-4762-B3D6-8663DBAFC607}
	EndGlobalSection
EndGlobal
